
Microsoft Visual Studio Solution File, Format Version 12.00
# Visual Studio Version 16
VisualStudioVersion = 16.0.34931.43
MinimumVisualStudioVersion = 10.0.40219.1
Project("{FAE04EC0-301F-11D3-BF4B-00C04F79EFBC}") = "sistema_academico", "sistema_academico.csproj", "{1690A55A-031B-4A2D-98D8-4A377B40E6A0}"
EndProject
Global
	GlobalSection(SolutionConfigurationPlatforms) = preSolution
		Debug|Any CPU = Debug|Any CPU
		Release|Any CPU = Release|Any CPU
	EndGlobalSection
	GlobalSection(ProjectConfigurationPlatforms) = postSolution
		{1690A55A-031B-4A2D-98D8-4A377B40E6A0}.Debug|Any CPU.ActiveCfg = Debug|Any CPU
		{1690A55A-031B-4A2D-98D8-4A377B40E6A0}.Debug|Any CPU.Build.0 = Debug|Any CPU
		{1690A55A-031B-4A2D-98D8-4A377B40E6A0}.Release|Any CPU.ActiveCfg = Release|Any CPU
		{1690A55A-031B-4A2D-98D8-4A377B40E6A0}.Release|Any CPU.Build.0 = Release|Any CPU
	EndGlobalSection
	GlobalSection(SolutionProperties) = preSolution
		HideSolutionNode = FALSE
	EndGlobalSection
	GlobalSection(ExtensibilityGlobals) = postSolution
		SolutionGuid = {F87EDFF6-BE70-4411-9769-251DA545F62A}
	EndGlobalSection
EndGlobal
